%{
  "argon2_elixir": {:hex, :argon2_elixir, "4.1.3", "4f28318286f89453364d7fbb53e03d4563fd7ed2438a60237eba5e426e97785f", [:make, :mix], [{:comeonin, "~> 5.3", [hex: :comeonin, repo: "hexpm", optional: false]}, {:elixir_make, "~> 0.6", [hex: :elixir_make, repo: "hexpm", optional: false]}], "hexpm", "7c295b8d8e0eaf6f43641698f962526cdf87c6feb7d14bd21e599271b510608c"},
  "bandit": {:hex, :bandit, "1.12.4", "10bbab488edf8162318d736c19c5837077b8fca2bf5d95b07b33830387124f62", [:mix], [{:hpax, "~> 1.0", [hex: :hpax, repo: "hexpm", optional: false]}, {:plug, "~> 1.18", [hex: :plug, repo: "hexpm", optional: false]}, {:telemetry, "~> 0.4 or ~> 1.0", [hex: :telemetry, repo: "hexpm", optional: false]}, {:thousand_island, "~> 1.5", [hex: :thousand_island, repo: "hexpm", optional: false]}, {:websock, "~> 0.5", [hex: :websock, repo: "hexpm", optional: false]}], "hexpm", "84513318c5752a2a8017664450f889b47fae5d53d64698ddf1e4fb09a7449e8d"},
  "bunch": {:hex, :bunch, "1.6.4", "b23ecefdcbc1d8b9723044055daa2ad8573a0ebe6ef35c0ac4f3bad243273ba3", [:mix], [], "hexpm", "cacbe7437dd5299c9e665011d32127e0ce92b26ab4b9f64ebd2389f57cc7c141"},
  "bunch_native": {:hex, :bunch_native, "0.5.2", "706723acd1644fb6f8e7c8f3864172a7eee7664250e790696253825e3b65e18a", [:mix], [{:bundlex, "~> 1.0", [hex: :bundlex, repo: "hexpm", optional: false]}], "hexpm", "23f9e036c34510d8ace14fc47553fd7672e2330e769ab84fe4b54fac80095a4b"},
  "bundlex": {:hex, :bundlex, "1.5.8", "059377483cdefc44aae99b98b46e8356dc2f5a70420565ea1397976caac7eba0", [:mix], [{:bunch, "~> 1.0", [hex: :bunch, repo: "hexpm", optional: false]}, {:elixir_uuid, "~> 1.2", [hex: :elixir_uuid, repo: "hexpm", optional: false]}, {:jason, "~> 1.4", [hex: :jason, repo: "hexpm", optional: false]}, {:qex, "~> 0.5", [hex: :qex, repo: "hexpm", optional: false]}, {:req, ">= 0.4.0", [hex: :req, repo: "hexpm", optional: false]}, {:zarex, "~> 1.0", [hex: :zarex, repo: "hexpm", optional: false]}], "hexpm", "210b9e8adc3cfd7a89dc1ac8ffb708ce3c8729324a1c4e3d7e22a5d9b0cc7391"},
  "comeonin": {:hex, :comeonin, "5.5.1", "5113e5f3800799787de08a6e0db307133850e635d34e9fab23c70b6501669510", [:mix], [], "hexpm", "65aac8f19938145377cee73973f192c5645873dcf550a8a6b18187d17c13ccdb"},
  "cors_plug": {:hex, :cors_plug, "3.0.3", "7c3ac52b39624bc616db2e937c282f3f623f25f8d550068b6710e58d04a0e330", [:mix], [{:plug, "~> 1.13", [hex: :plug, repo: "hexpm", optional: false]}], "hexpm", "3f2d759e8c272ed3835fab2ef11b46bddab8c1ab9528167bd463b6452edf830d"},
  "crc": {:hex, :crc, "0.10.6", "a52243715da06265399ade929b12e6807a82ddbd04231d8bd3069480aa890f01", [:mix, :rebar3], [{:elixir_make, "~> 0.6", [hex: :elixir_make, repo: "hexpm", optional: false]}], "hexpm", "9e832833d48a5fff03cb7488f8aa5c08adda0a5fa8188bbe124cb17c4e39a00d"},
  "db_connection": {:hex, :db_connection, "2.10.2", "ae391e803a5adff104da913c2fc1c0c14a37f8b10001dcef568796e1fb7bf95c", [:mix], [{:telemetry, "~> 0.4 or ~> 1.0", [hex: :telemetry, repo: "hexpm", optional: false]}], "hexpm", "510b14482330f1af6490a2fa0efd8d4f1435d1529b165647df22ac0f2df0fa93"},
  "decimal": {:hex, :decimal, "3.1.1", "430d87b04011ce6cbd4fd205be758311a81f87d552d40904abd00f015935b1d0", [:mix], [], "hexpm", "c5f25f2ced74a0587d03e6023f595db8e924c9d3922c8c8ffd9edfc4498cf1f6"},
  "dns_cluster": {:hex, :dns_cluster, "0.2.0", "aa8eb46e3bd0326bd67b84790c561733b25c5ba2fe3c7e36f28e88f384ebcb33", [:mix], [], "hexpm", "ba6f1893411c69c01b9e8e8f772062535a4cf70f3f35bcc964a324078d8c8240"},
  "ecto": {:hex, :ecto, "3.13.6", "352135b474f91d1ab99a1b502171d207e9db60421c9e3d0ecab4c7ab96b24d14", [:mix], [{:decimal, "~> 2.0 or ~> 3.0", [hex: :decimal, repo: "hexpm", optional: false]}, {:jason, "~> 1.0", [hex: :jason, repo: "hexpm", optional: true]}, {:telemetry, "~> 0.4 or ~> 1.0", [hex: :telemetry, repo: "hexpm", optional: false]}], "hexpm", "8afa059bc16cd2c94739ec0a11e3e5df69d828125119109bef35f20a21a76af2"},
  "ecto_sql": {:hex, :ecto_sql, "3.13.5", "2f8282b2ad97bf0f0d3217ea0a6fff320ead9e2f8770f810141189d182dc304e", [:mix], [{:db_connection, "~> 2.4.1 or ~> 2.5", [hex: :db_connection, repo: "hexpm", optional: false]}, {:ecto, "~> 3.13.0", [hex: :ecto, repo: "hexpm", optional: false]}, {:myxql, "~> 0.7", [hex: :myxql, repo: "hexpm", optional: true]}, {:postgrex, "~> 0.19 or ~> 1.0", [hex: :postgrex, repo: "hexpm", optional: true]}, {:tds, "~> 2.1.1 or ~> 2.2", [hex: :tds, repo: "hexpm", optional: true]}, {:telemetry, "~> 0.4.0 or ~> 1.0", [hex: :telemetry, repo: "hexpm", optional: false]}], "hexpm", "aa36751f4e6a2b56ae79efb0e088042e010ff4935fc8684e74c23b1f49e25fdc"},
  "elixir_make": {:hex, :elixir_make, "0.10.0", "16577e2583a79bb79237bbff349619ef5d80afffc07eac6e4faf0d00e2ddaf7d", [:mix], [], "hexpm", "dc1f09fb7fa68866b886abd5f0f3c83553b1a19a52359a899e92af1bb3b31982"},
  "elixir_uuid": {:hex, :elixir_uuid, "1.2.1", "dce506597acb7e6b0daeaff52ff6a9043f5919a4c3315abb4143f0b00378c097", [:mix], [], "hexpm", "f7eba2ea6c3555cea09706492716b0d87397b88946e6380898c2889d68585752"},
  "ex_dtls": {:hex, :ex_dtls, "0.18.1", "12bc418e6f25b0194affb988c8755f4c9a3dbacf9a9ef76c87cd4b5ee0133f8b", [:mix], [{:bundlex, "~> 1.5.3", [hex: :bundlex, repo: "hexpm", optional: false]}, {:unifex, "~> 1.0", [hex: :unifex, repo: "hexpm", optional: false]}], "hexpm", "02aa48094982d231043cce4b02e6f2c6cfafc7e308c4afe116785641f92f0a56"},
  "ex_ice": {:hex, :ex_ice, "0.16.1", "71de6aa726a4cdd97aeb041e22f49f70943ca0eb580bf77161b752e652ab3e17", [:mix], [{:elixir_uuid, "~> 1.0", [hex: :elixir_uuid, repo: "hexpm", optional: false]}, {:ex_stun, "~> 0.2.1", [hex: :ex_stun, repo: "hexpm", optional: false]}, {:ex_turn, "~> 0.2.3", [hex: :ex_turn, repo: "hexpm", optional: false]}], "hexpm", "e61ce3fdc022750cdedf46bfc4ebc45de7450a6d0fcd16051c65ca9954a9762d"},
  "ex_libsrtp": {:hex, :ex_libsrtp, "0.7.4", "443530c1d428608c8c82abbcd20be193c9035be0e18b3dd180ecffaddaa9c4ed", [:mix], [{:bunch, "~> 1.6", [hex: :bunch, repo: "hexpm", optional: false]}, {:bundlex, "~> 1.3", [hex: :bundlex, repo: "hexpm", optional: false]}, {:membrane_precompiled_dependency_provider, "~> 0.2.1", [hex: :membrane_precompiled_dependency_provider, repo: "hexpm", optional: false]}, {:unifex, "~> 1.1", [hex: :unifex, repo: "hexpm", optional: false]}], "hexpm", "d16cd4673552b45122700ee2ad7ce2a0c6d96ed5b5cb32f3ed0769d75fc988a5"},
  "ex_rtcp": {:hex, :ex_rtcp, "0.4.2", "ce723c86e73dc766540a19c9301be673fa0f9fea8843d8d84cdff24bb7111151", [:mix], [], "hexpm", "d1532d561ec6f8686ff73f96d269d015e5ed150e5816b358deddcdf61ddc1f8e"},
  "ex_rtp": {:hex, :ex_rtp, "0.4.1", "878349aaa9c7e525ce2b9a277b5cee9fc247111c3954981111c391e0dcfdd4a0", [:mix], [], "hexpm", "3bc7d426adfa1f6b7c735bbf20fcf8688808d6531ab9616641ee156d11877703"},
  "ex_sdp": {:hex, :ex_sdp, "1.1.4", "21650f4c8f44f6515ecb2666c39819348c27dac57ee17e46aa47b3ecbcbe78fe", [:mix], [{:bunch, "~> 1.3", [hex: :bunch, repo: "hexpm", optional: false]}, {:elixir_uuid, "~> 1.2", [hex: :elixir_uuid, repo: "hexpm", optional: false]}], "hexpm", "452d3a44d667187606b3f8b8c636c537feec18e25d362b8c992d736fa5dfde9e"},
  "ex_stun": {:hex, :ex_stun, "0.2.1", "f8273f16687c4a052583b91307783763675c3ee208d7746e9072eab1d7fe5318", [:mix], [], "hexpm", "df711db3610302d4161ce362321f98862fad858de48a75c135fd0b343f18e817"},
  "ex_turn": {:hex, :ex_turn, "0.2.3", "7d10ce9c784c4a01dfb9adf42d94e52000db014b4557287067cd344b2939e0b6", [:mix], [{:ex_stun, "~> 0.2.1", [hex: :ex_stun, repo: "hexpm", optional: false]}], "hexpm", "f94874c6d240a162ba610deca0e3a42a6dbc2721c37310ec1ab6063ac1e677c0"},
  "ex_webrtc": {:hex, :ex_webrtc, "0.17.0", "53586bed51d165cf96e1c496519fe768e95516618d244f22d4db7f03990cab08", [:mix], [{:crc, "~> 0.10", [hex: :crc, repo: "hexpm", optional: false]}, {:ex_dtls, "~> 0.18.1", [hex: :ex_dtls, repo: "hexpm", optional: false]}, {:ex_ice, "~> 0.16.0", [hex: :ex_ice, repo: "hexpm", optional: false]}, {:ex_libsrtp, "~> 0.7.1", [hex: :ex_libsrtp, repo: "hexpm", optional: false]}, {:ex_rtcp, "~> 0.4.2", [hex: :ex_rtcp, repo: "hexpm", optional: false]}, {:ex_rtp, "~> 0.4.1", [hex: :ex_rtp, repo: "hexpm", optional: false]}, {:ex_sctp, "0.1.3", [hex: :ex_sctp, repo: "hexpm", optional: true]}, {:ex_sdp, "~> 1.1", [hex: :ex_sdp, repo: "hexpm", optional: false]}, {:qex, "~> 0.5.2", [hex: :qex, repo: "hexpm", optional: false]}], "hexpm", "a1efcc34e6903d1e9a37ae59312beab3ce258a6c30dccd5973a85ed8b545ee98"},
  "expo": {:hex, :expo, "1.1.1", "4202e1d2ca6e2b3b63e02f69cfe0a404f77702b041d02b58597c00992b601db5", [:mix], [], "hexpm", "5fb308b9cb359ae200b7e23d37c76978673aa1b06e2b3075d814ce12c5811640"},
  "finch": {:hex, :finch, "0.23.0", "e3f9287ac25a8832f848b144c2b57346aac65b205e2e0629a52adfe6507fd837", [:mix], [{:mime, "~> 1.0 or ~> 2.0", [hex: :mime, repo: "hexpm", optional: false]}, {:mint, "~> 1.8", [hex: :mint, repo: "hexpm", optional: false]}, {:nimble_options, "~> 0.4 or ~> 1.0", [hex: :nimble_options, repo: "hexpm", optional: false]}, {:nimble_pool, "~> 1.1", [hex: :nimble_pool, repo: "hexpm", optional: false]}, {:telemetry, "~> 0.4 or ~> 1.0", [hex: :telemetry, repo: "hexpm", optional: false]}], "hexpm", "80e58d3f936f57e3fdf404f83a3642897ae6d9fb642934e46da4d8fe761b99d5"},
  "gettext": {:hex, :gettext, "1.0.2", "5457e1fd3f4abe47b0e13ff85086aabae760497a3497909b8473e0acee57673b", [:mix], [{:expo, "~> 0.5.1 or ~> 1.0", [hex: :expo, repo: "hexpm", optional: false]}], "hexpm", "eab805501886802071ad290714515c8c4a17196ea76e5afc9d06ca85fb1bfeb3"},
  "hammer": {:hex, :hammer, "6.2.1", "5ae9c33e3dceaeb42de0db46bf505bd9c35f259c8defb03390cd7556fea67ee2", [:mix], [{:poolboy, "~> 1.5", [hex: :poolboy, repo: "hexpm", optional: false]}], "hexpm", "b9476d0c13883d2dc0cc72e786bac6ac28911fba7cc2e04b70ce6a6d9c4b2bdc"},
  "hammer_plug": {:hex, :hammer_plug, "3.2.0", "47db6ed67d5cdf09fb6035f26b0b4b2335c3ae08a7ac061e3303bbb756fe9a09", [:mix], [{:hammer, "~> 6.0", [hex: :hammer, repo: "hexpm", optional: false]}, {:plug, "~> 1.14", [hex: :plug, repo: "hexpm", optional: false]}], "hexpm", "1ee7084732414c7a32f467717d13e6fba95c60b70c3f56d51f7c08a4183aadfe"},
  "hpax": {:hex, :hpax, "1.0.4", "777de5d433b0fbdc7c418159c8055910faa8047ffdb3d6b31098d2a46cd7685c", [:mix], [], "hexpm", "afc7cb142ebcc2d01ce7816190b98ce5dd49e799111b24249f3443d730f377ca"},
  "idna": {:hex, :idna, "7.1.0", "1067a13043538129602d2f2ce6899d8713125c7d19734aa557ce2e3ea55bd4f1", [:rebar3], [], "hexpm", "6ae959a025bf36df61a8cab8508d9654891b5426a84c44d82deaffd6ddf8c71f"},
  "jason": {:hex, :jason, "1.4.5", "2e3a008590b0b8d7388c20293e9dcc9cf3e5d642fd2a114e4cbbb52e595d940a", [:mix], [{:decimal, "~> 1.0 or ~> 2.0 or ~> 3.0", [hex: :decimal, repo: "hexpm", optional: true]}], "hexpm", "b0c823996102bcd0239b3c2444eb00409b72f6a140c1950bc8b457d836b30684"},
  "joken": {:hex, :joken, "2.6.2", "5daaf82259ca603af4f0b065475099ada1b2b849ff140ccd37f4b6828ca6892a", [:mix], [{:jose, "~> 1.11.10", [hex: :jose, repo: "hexpm", optional: false]}], "hexpm", "5134b5b0a6e37494e46dbf9e4dad53808e5e787904b7c73972651b51cce3d72b"},
  "jose": {:hex, :jose, "1.11.12", "06e62b467b61d3726cbc19e9b5489f7549c37993de846dfb3ee8259f9ed208b3", [:mix, :rebar3], [], "hexpm", "31e92b653e9210b696765cdd885437457de1add2a9011d92f8cf63e4641bab7b"},
  "membrane_precompiled_dependency_provider": {:hex, :membrane_precompiled_dependency_provider, "0.2.3", "f34abc38dfad37084c92b033969d217c5c8986054c1f211ad028e50d68569363", [:mix], [{:bundlex, "~> 1.4", [hex: :bundlex, repo: "hexpm", optional: false]}], "hexpm", "9210a4676a56e9db2a6f7323fa24be69ca58bc2ae3e13da04cf9d32f1e3f6554"},
  "mime": {:hex, :mime, "2.0.7", "b8d739037be7cd402aee1ba0306edfdef982687ee7e9859bee6198c1e7e2f128", [:mix], [], "hexpm", "6171188e399ee16023ffc5b76ce445eb6d9672e2e241d2df6050f3c771e80ccd"},
  "mint": {:hex, :mint, "1.9.3", "3337184d69179695c7a9f1714d92c11e629d36c8c037a21cf490131d3d150554", [:mix], [{:castore, "~> 0.1.0 or ~> 1.0", [hex: :castore, repo: "hexpm", optional: true]}, {:hpax, "~> 0.1.1 or ~> 0.2.0 or ~> 1.0", [hex: :hpax, repo: "hexpm", optional: false]}], "hexpm", "5f7c9342480c069dbbc4eeac3490303c9e01870ff01a7f1d29b6107054fc1e74"},
  "mix_audit": {:hex, :mix_audit, "2.1.5", "c0f77cee6b4ef9d97e37772359a187a166c7a1e0e08b50edf5bf6959dfe5a016", [:make, :mix], [{:jason, "~> 1.4", [hex: :jason, repo: "hexpm", optional: false]}, {:yaml_elixir, "~> 2.11", [hex: :yaml_elixir, repo: "hexpm", optional: false]}], "hexpm", "87f9298e21da32f697af535475860dc1d3617a010e0b418d2ec6142bc8b42d69"},
  "nimble_options": {:hex, :nimble_options, "1.1.1", "e3a492d54d85fc3fd7c5baf411d9d2852922f66e69476317787a7b2bb000a61b", [:mix], [], "hexpm", "821b2470ca9442c4b6984882fe9bb0389371b8ddec4d45a9504f00a66f650b44"},
  "nimble_pool": {:hex, :nimble_pool, "1.1.0", "bf9c29fbdcba3564a8b800d1eeb5a3c58f36e1e11d7b7fb2e084a643f645f06b", [:mix], [], "hexpm", "af2e4e6b34197db81f7aad230c1118eac993acc0dae6bc83bac0126d4ae0813a"},
  "oban": {:hex, :oban, "2.20.3", "e4d27336941955886cc7113420c32c63b70b64f10b27e08e3cf2b001153953cd", [:mix], [{:ecto_sql, "~> 3.10", [hex: :ecto_sql, repo: "hexpm", optional: false]}, {:ecto_sqlite3, "~> 0.9", [hex: :ecto_sqlite3, repo: "hexpm", optional: true]}, {:igniter, "~> 0.5", [hex: :igniter, repo: "hexpm", optional: true]}, {:jason, "~> 1.1", [hex: :jason, repo: "hexpm", optional: true]}, {:myxql, "~> 0.7", [hex: :myxql, repo: "hexpm", optional: true]}, {:postgrex, "~> 0.20", [hex: :postgrex, repo: "hexpm", optional: true]}, {:telemetry, "~> 1.3", [hex: :telemetry, repo: "hexpm", optional: false]}], "hexpm", "075ffbf1279a96bec495bc63d647b08929837d70bcc0427249ffe4d1dddaec33"},
  "phoenix": {:hex, :phoenix, "1.8.9", "a63ed0962ed5b903b146dab0ae8eb8387fe478f8171a5e26d56a165f35996fe1", [:mix], [{:bandit, "~> 1.0", [hex: :bandit, repo: "hexpm", optional: true]}, {:jason, "~> 1.0", [hex: :jason, repo: "hexpm", optional: true]}, {:phoenix_pubsub, "~> 2.1", [hex: :phoenix_pubsub, repo: "hexpm", optional: false]}, {:phoenix_template, "~> 1.0", [hex: :phoenix_template, repo: "hexpm", optional: false]}, {:phoenix_view, "~> 2.0", [hex: :phoenix_view, repo: "hexpm", optional: true]}, {:plug, "~> 1.14", [hex: :plug, repo: "hexpm", optional: false]}, {:plug_cowboy, "~> 2.7", [hex: :plug_cowboy, repo: "hexpm", optional: true]}, {:plug_crypto, "~> 1.2 or ~> 2.0", [hex: :plug_crypto, repo: "hexpm", optional: false]}, {:telemetry, "~> 0.4 or ~> 1.0", [hex: :telemetry, repo: "hexpm", optional: false]}, {:websock_adapter, "~> 0.5", [hex: :websock_adapter, repo: "hexpm", optional: false]}], "hexpm", "3477e2dd5a4f61820341169031bdfe21275f659923bea9c5c0ea2aa1c3fcc046"},
  "phoenix_ecto": {:hex, :phoenix_ecto, "4.7.0", "75c4b9dfb3efdc42aec2bd5f8bccd978aca0651dbcbc7a3f362ea5d9d43153c6", [:mix], [{:ecto, "~> 3.5", [hex: :ecto, repo: "hexpm", optional: false]}, {:phoenix_html, "~> 2.14.2 or ~> 3.0 or ~> 4.1", [hex: :phoenix_html, repo: "hexpm", optional: true]}, {:plug, "~> 1.9", [hex: :plug, repo: "hexpm", optional: false]}, {:postgrex, "~> 0.16 or ~> 1.0", [hex: :postgrex, repo: "hexpm", optional: true]}], "hexpm", "1d75011e4254cb4ddf823e81823a9629559a1be93b4321a6a5f11a5306fbf4cc"},
  "phoenix_html": {:hex, :phoenix_html, "4.3.0", "d3577a5df4b6954cd7890c84d955c470b5310bb49647f0a114a6eeecc850f7ad", [:mix], [], "hexpm", "3eaa290a78bab0f075f791a46a981bbe769d94bc776869f4f3063a14f30497ad"},
  "phoenix_live_dashboard": {:hex, :phoenix_live_dashboard, "0.8.7", "405880012cb4b706f26dd1c6349125bfc903fb9e44d1ea668adaf4e04d4884b7", [:mix], [{:ecto, "~> 3.6.2 or ~> 3.7", [hex: :ecto, repo: "hexpm", optional: true]}, {:ecto_mysql_extras, "~> 0.5", [hex: :ecto_mysql_extras, repo: "hexpm", optional: true]}, {:ecto_psql_extras, "~> 0.7", [hex: :ecto_psql_extras, repo: "hexpm", optional: true]}, {:ecto_sqlite3_extras, "~> 1.1.7 or ~> 1.2.0", [hex: :ecto_sqlite3_extras, repo: "hexpm", optional: true]}, {:mime, "~> 1.6 or ~> 2.0", [hex: :mime, repo: "hexpm", optional: false]}, {:phoenix_live_view, "~> 0.19 or ~> 1.0", [hex: :phoenix_live_view, repo: "hexpm", optional: false]}, {:telemetry_metrics, "~> 0.6 or ~> 1.0", [hex: :telemetry_metrics, repo: "hexpm", optional: false]}], "hexpm", "3a8625cab39ec261d48a13b7468dc619c0ede099601b084e343968309bd4d7d7"},
  "phoenix_live_view": {:hex, :phoenix_live_view, "1.1.25", "abc1bdf7f148d7f9a003f149834cc858b24290c433b10ef6d1cbb1d6e9a211ca", [:mix], [{:igniter, ">= 0.6.16 and < 1.0.0-0", [hex: :igniter, repo: "hexpm", optional: true]}, {:jason, "~> 1.0", [hex: :jason, repo: "hexpm", optional: true]}, {:lazy_html, "~> 0.1.0", [hex: :lazy_html, repo: "hexpm", optional: true]}, {:phoenix, "~> 1.6.15 or ~> 1.7.0 or ~> 1.8.0-rc", [hex: :phoenix, repo: "hexpm", optional: false]}, {:phoenix_html, "~> 3.3 or ~> 4.0", [hex: :phoenix_html, repo: "hexpm", optional: false]}, {:phoenix_template, "~> 1.0", [hex: :phoenix_template, repo: "hexpm", optional: false]}, {:phoenix_view, "~> 2.0", [hex: :phoenix_view, repo: "hexpm", optional: true]}, {:plug, "~> 1.15", [hex: :plug, repo: "hexpm", optional: false]}, {:telemetry, "~> 0.4.2 or ~> 1.0", [hex: :telemetry, repo: "hexpm", optional: false]}], "hexpm", "b8946e474799da1f874eab7e9ce107502c96ca318ed46d19f811f847df270865"},
  "phoenix_pubsub": {:hex, :phoenix_pubsub, "2.2.0", "ff3a5616e1bed6804de7773b92cbccfc0b0f473faf1f63d7daf1206c7aeaaa6f", [:mix], [], "hexpm", "adc313a5bf7136039f63cfd9668fde73bba0765e0614cba80c06ac9460ff3e96"},
  "phoenix_template": {:hex, :phoenix_template, "1.0.4", "e2092c132f3b5e5b2d49c96695342eb36d0ed514c5b252a77048d5969330d639", [:mix], [{:phoenix_html, "~> 2.14.2 or ~> 3.0 or ~> 4.0", [hex: :phoenix_html, repo: "hexpm", optional: true]}], "hexpm", "2c0c81f0e5c6753faf5cca2f229c9709919aba34fab866d3bc05060c9c444206"},
  "plug": {:hex, :plug, "1.20.3", "56c480c633ec2ce10140e236e15233bf576e1d323887d7c96711bd02ab5160db", [:mix], [{:mime, "~> 1.0 or ~> 2.0", [hex: :mime, repo: "hexpm", optional: false]}, {:plug_crypto, "~> 1.1.1 or ~> 1.2 or ~> 2.0", [hex: :plug_crypto, repo: "hexpm", optional: false]}, {:telemetry, "~> 0.4.3 or ~> 1.0", [hex: :telemetry, repo: "hexpm", optional: false]}], "hexpm", "be266aee1b8536ef6409d58cf39a3121319f0ec47cfa1b24024485aa0e76ad76"},
  "plug_crypto": {:hex, :plug_crypto, "2.2.0", "144014737daaf485407f5ed77daeaad74d651b216a28c87543f8cc7043f8efc8", [:mix], [], "hexpm", "83a95744ab1c75876542b6fab135fcc176280e0f301a111c1f757fddcec95d2c"},
  "poolboy": {:hex, :poolboy, "1.5.2", "392b007a1693a64540cead79830443abf5762f5d30cf50bc95cb2c1aaafa006b", [:rebar3], [], "hexpm", "dad79704ce5440f3d5a3681c8590b9dc25d1a561e8f5a9c995281012860901e3"},
  "postgrex": {:hex, :postgrex, "0.22.3", "bf65941737ee7a9adbe4a64c91080310d11703da343e8ac9188aacb9eb9f6f02", [:mix], [{:db_connection, "~> 2.9", [hex: :db_connection, repo: "hexpm", optional: false]}, {:decimal, "~> 1.5 or ~> 2.0 or ~> 3.0", [hex: :decimal, repo: "hexpm", optional: false]}, {:jason, "~> 1.0", [hex: :jason, repo: "hexpm", optional: true]}, {:table, "~> 0.1.0", [hex: :table, repo: "hexpm", optional: true]}], "hexpm", "f018c13752b2b46e8d35d7e2d84c3276557cbfd880769109021a1d0ee36c1cfe"},
  "qex": {:hex, :qex, "0.5.2", "a0c861a2de2380314c23ef592349824ca9016c5845380667ff1d9a22a8796f9b", [:mix], [], "hexpm", "6fb81bf3ae354a9abb471b9561538ea3e8540125d803b00f45cbccff52f00496"},
  "req": {:hex, :req, "0.7.2", "364eae2e5f5c984f2dac6d71c07f8c8c89ce0bc49c4d746dacb7a306823020de", [:mix], [{:brotli, "~> 0.3.1", [hex: :brotli, repo: "hexpm", optional: true]}, {:finch, "~> 0.21", [hex: :finch, repo: "hexpm", optional: false]}, {:jason, "~> 1.0", [hex: :jason, repo: "hexpm", optional: false]}, {:mime, "~> 2.0.6 or ~> 2.1", [hex: :mime, repo: "hexpm", optional: false]}, {:nimble_csv, "~> 1.0", [hex: :nimble_csv, repo: "hexpm", optional: true]}, {:plug, "~> 1.0", [hex: :plug, repo: "hexpm", optional: true]}], "hexpm", "c9cdfa276b05d8db2a27fda5d233e6858b764d47189d76cbb186e130a871ae0b"},
  "semaphore": {:hex, :semaphore, "1.3.0", "f99a6e76a5d40420453387de85f3d26890dee935bb5875b5a9be52404334c2c6", [:mix], [], "hexpm", "09df576bc4928200defd2d82990e415d9d3701e92136742c4a8f9bf39eb61555"},
  "shmex": {:hex, :shmex, "0.5.2", "5e807c4ec0320fdd3b224d3f8052d501908217a066b67c0433f4cfa369a2b07c", [:mix], [{:bunch_native, "~> 0.5.0", [hex: :bunch_native, repo: "hexpm", optional: false]}, {:bundlex, "~> 1.0", [hex: :bundlex, repo: "hexpm", optional: false]}], "hexpm", "7325f40a7308fecaaab1b19790903034926e5fb202a48fcf51dfd2c4ba97f861"},
  "swoosh": {:hex, :swoosh, "1.27.0", "2df57c342f3854f2d429e6afebf19a03a179976a64006a93750ed81639453f75", [:mix], [{:bandit, ">= 1.0.0", [hex: :bandit, repo: "hexpm", optional: true]}, {:cowboy, "~> 1.1 or ~> 2.4", [hex: :cowboy, repo: "hexpm", optional: true]}, {:ex_aws, "~> 2.1", [hex: :ex_aws, repo: "hexpm", optional: true]}, {:finch, "~> 0.6", [hex: :finch, repo: "hexpm", optional: true]}, {:gen_smtp, "~> 0.13 or ~> 1.0", [hex: :gen_smtp, repo: "hexpm", optional: true]}, {:hackney, ">= 1.9.0 and < 5.0.0", [hex: :hackney, repo: "hexpm", optional: true]}, {:idna, ">= 6.0.0 and < 8.0.0", [hex: :idna, repo: "hexpm", optional: false]}, {:jason, "~> 1.0", [hex: :jason, repo: "hexpm", optional: false]}, {:mail, "~> 0.2", [hex: :mail, repo: "hexpm", optional: true]}, {:mime, "~> 1.1 or ~> 2.0", [hex: :mime, repo: "hexpm", optional: false]}, {:mua, "~> 0.2.3", [hex: :mua, repo: "hexpm", optional: true]}, {:multipart, "~> 0.4", [hex: :multipart, repo: "hexpm", optional: true]}, {:plug, "~> 1.9", [hex: :plug, repo: "hexpm", optional: true]}, {:plug_cowboy, ">= 1.0.0", [hex: :plug_cowboy, repo: "hexpm", optional: true]}, {:req, "~> 0.5.10 or ~> 0.6 or ~> 1.0", [hex: :req, repo: "hexpm", optional: true]}, {:telemetry, "~> 0.4.2 or ~> 1.0", [hex: :telemetry, repo: "hexpm", optional: false]}], "hexpm", "5da7d3b11de5d61327275ed599cb311942ea6e23cdbb411981f46ee150cddf76"},
  "telemetry": {:hex, :telemetry, "1.4.2", "a0cb522801dffb1c49fe6e30561badffc7b6d0e180db1300df759faa22062855", [:rebar3], [], "hexpm", "928f6495066506077862c0d1646609eed891a4326bee3126ba54b60af61febb1"},
  "telemetry_metrics": {:hex, :telemetry_metrics, "1.1.0", "5bd5f3b5637e0abea0426b947e3ce5dd304f8b3bc6617039e2b5a008adc02f8f", [:mix], [{:telemetry, "~> 0.4 or ~> 1.0", [hex: :telemetry, repo: "hexpm", optional: false]}], "hexpm", "e7b79e8ddfde70adb6db8a6623d1778ec66401f366e9a8f5dd0955c56bc8ce67"},
  "telemetry_metrics_prometheus_core": {:hex, :telemetry_metrics_prometheus_core, "1.2.1", "c9755987d7b959b557084e6990990cb96a50d6482c683fb9622a63837f3cd3d8", [:mix], [{:telemetry, "~> 0.4 or ~> 1.0", [hex: :telemetry, repo: "hexpm", optional: false]}, {:telemetry_metrics, "~> 0.6 or ~> 1.0", [hex: :telemetry_metrics, repo: "hexpm", optional: false]}], "hexpm", "5e2c599da4983c4f88a33e9571f1458bf98b0cf6ba930f1dc3a6e8cf45d5afb6"},
  "telemetry_poller": {:hex, :telemetry_poller, "1.3.0", "d5c46420126b5ac2d72bc6580fb4f537d35e851cc0f8dbd571acf6d6e10f5ec7", [:rebar3], [{:telemetry, "~> 1.0", [hex: :telemetry, repo: "hexpm", optional: false]}], "hexpm", "51f18bed7128544a50f75897db9974436ea9bfba560420b646af27a9a9b35211"},
  "thousand_island": {:hex, :thousand_island, "1.5.0", "f50a213cac97262b6d5ebb85745aa2c00fec1413191e6e66834788d45425cecb", [:mix], [{:telemetry, "~> 0.4 or ~> 1.0", [hex: :telemetry, repo: "hexpm", optional: false]}], "hexpm", "708923d40523e43cf99041ab37a0d4b0ec426ac6438fa3716ab23d919eaeb412"},
  "unicode_util_compat": {:hex, :unicode_util_compat, "0.7.1", "a48703a25c170eedadca83b11e88985af08d35f37c6f664d6dcfb106a97782fc", [:rebar3], [], "hexpm", "b3a917854ce3ae233619744ad1e0102e05673136776fb2fa76234f3e03b23642"},
  "unifex": {:hex, :unifex, "1.2.5", "b557f7f6c2bfd0c451369a9a29323854674bfca9c60c44d4bccc669c4a28477c", [:mix], [{:bunch, "~> 1.0", [hex: :bunch, repo: "hexpm", optional: false]}, {:bundlex, "~> 1.4", [hex: :bundlex, repo: "hexpm", optional: false]}, {:shmex, "~> 0.5.0", [hex: :shmex, repo: "hexpm", optional: false]}], "hexpm", "7c8d473f8e2b43556d792179d9f6d56ff047c252288dc29a554b5a1e1404e528"},
  "web_push_elixir": {:hex, :web_push_elixir, "0.5.0", "66dd2f79bffdc8db4c907ec1da6fc0a0fba3840a4bcfea2838a6c0f86150370c", [:mix], [{:jason, "~> 1.4", [hex: :jason, repo: "hexpm", optional: false]}, {:jose, "~> 1.11", [hex: :jose, repo: "hexpm", optional: false]}, {:req, "~> 0.5", [hex: :req, repo: "hexpm", optional: false]}], "hexpm", "5ca2eb117752f3b3b729e2e96f214e5f8ea1c36d0c0ff64c007b8b1ebbdf3d3a"},
  "websock": {:hex, :websock, "0.5.3", "2f69a6ebe810328555b6fe5c831a851f485e303a7c8ce6c5f675abeb20ebdadc", [:mix], [], "hexpm", "6105453d7fac22c712ad66fab1d45abdf049868f253cf719b625151460b8b453"},
  "websock_adapter": {:hex, :websock_adapter, "0.6.0", "73db5ab8aaefd1a876a97ce3e6afc96562625de69ef17a4e04426e034849d0b8", [:mix], [{:bandit, ">= 0.6.0", [hex: :bandit, repo: "hexpm", optional: true]}, {:plug, "~> 1.14", [hex: :plug, repo: "hexpm", optional: false]}, {:plug_cowboy, "~> 2.6", [hex: :plug_cowboy, repo: "hexpm", optional: true]}, {:websock, "~> 0.5", [hex: :websock, repo: "hexpm", optional: false]}], "hexpm", "50021a85bce8f203b086705d9e0c5415e2c7eb05d319111b0428fe71f9934617"},
  "yamerl": {:hex, :yamerl, "0.10.0", "4ff81fee2f1f6a46f1700c0d880b24d193ddb74bd14ef42cb0bcf46e81ef2f8e", [:rebar3], [], "hexpm", "346adb2963f1051dc837a2364e4acf6eb7d80097c0f53cbdc3046ec8ec4b4e6e"},
  "yaml_elixir": {:hex, :yaml_elixir, "2.12.2", "9dd1330fb4cd9a36a7b0f502e5b12486eff632792ee4a5f0eba52a4d4ec32c9c", [:mix], [{:yamerl, "~> 0.10", [hex: :yamerl, repo: "hexpm", optional: false]}], "hexpm", "e7c1b10122f973e6558462d51c39026ba0e14afbc6745318e990ea82cfe9e159"},
  "zarex": {:hex, :zarex, "1.0.6", "f657ed1187e6e90472e24c92b1fd5bf3f846e74bd240bd77276c13f336a8d168", [:mix], [], "hexpm", "b628a9b0bc312f278af2c288078c31fd4757224b82d768e91bcf3bedbe3a50e7"},
}
