{
  "name": "openmls-wasm-test",
  "version": "0.1.0",
  "lockfileVersion": 3,
  "requires": true,
  "packages": {
    "": {
      "name": "openmls-wasm-test",
      "version": "0.1.0",
      "dependencies": {
        "vesper-openmls-wasm": "file:../openmls-wasm/pkg"
      }
    },
    "../openmls-wasm/pkg": {
      "name": "vesper-openmls-wasm",
      "version": "0.1.0",
      "license": "MIT"
    },
    "node_modules/vesper-openmls-wasm": {
      "resolved": "../openmls-wasm/pkg",
      "link": true
    }
  }
}
